
Microsoft Visual Studio Solution File, Format Version 12.00
# Visual Studio Version 17
VisualStudioVersion = 17.14.36202.13
MinimumVisualStudioVersion = 10.0.40219.1
Project("{FAE04EC0-301F-11D3-BF4B-00C04F79EFBC}") = "DPM225404_DOQUOCBAO", "DPM225404_DOQUOCBAO\DPM225404_DOQUOCBAO.csproj", "{0F512A0A-F71B-4CAD-823D-3543FC61FA85}"
EndProject
Project("{FAE04EC0-301F-11D3-BF4B-00C04F79EFBC}") = "DPM225404_DO QUOC BAO_Real_AbstractFactory", "..\DPM225404_DO QUOC BAO_Real_AbstractFactory\DPM225404_DO QUOC BAO_Real_AbstractFactory.csproj", "{461D0EA0-BDA2-4DA7-8996-90FADE0F4719}"
EndProject
Project("{FAE04EC0-301F-11D3-BF4B-00C04F79EFBC}") = "DPM225404_DO QUOC BAO_MYREAL01_AbstrarctFactory", "DPM225404_DO QUOC BAO_MYREAL01_AbstrarctFactory\DPM225404_DO QUOC BAO_MYREAL01_AbstrarctFactory.csproj", "{4B9E0CC6-6829-41A5-8D68-16C5F65BDAD2}"
EndProject
Project("{FAE04EC0-301F-11D3-BF4B-00C04F79EFBC}") = "DPM225404_ DO QUOC BAO_pattern01_Builder", "DPM225404_ DO QUOC BAO_pattern01_Builder\DPM225404_ DO QUOC BAO_pattern01_Builder.csproj", "{515406DD-1330-470A-8652-FB8B6D2542D6}"
EndProject
Project("{FAE04EC0-301F-11D3-BF4B-00C04F79EFBC}") = "DPM225404_DO QUOC BAO_REAL01_Builder", "DPM225404_DO QUOC BAO_REAL01_Builder\DPM225404_DO QUOC BAO_REAL01_Builder.csproj", "{E76F9393-4D00-45F0-8BC3-DCE0E3A7D6AF}"
EndProject
Project("{FAE04EC0-301F-11D3-BF4B-00C04F79EFBC}") = "DPM225404_DO QUOC BAO_MYREAL01_Builder", "DPM225404_DO QUOC BAO_MYREAL01_Builder\DPM225404_DO QUOC BAO_MYREAL01_Builder.csproj", "{096F7FA9-13B6-4A43-BE13-2781D1C2A61F}"
EndProject
Project("{FAE04EC0-301F-11D3-BF4B-00C04F79EFBC}") = "DPM225404_DO QUOC BAO_pattern01_FactoryMethod", "DPM225404_DO QUOC BAO_pattern01_FactoryMethod\DPM225404_DO QUOC BAO_pattern01_FactoryMethod.csproj", "{DDC9C08D-8D4F-472C-BAF1-816BDCCB7CD9}"
EndProject
Project("{FAE04EC0-301F-11D3-BF4B-00C04F79EFBC}") = "DPM225404_DO QUOC BAO_REAL01_FactoryMethod", "DPM225404_DO QUOC BAO_REAL01_FactoryMethod\DPM225404_DO QUOC BAO_REAL01_FactoryMethod.csproj", "{1ED52D29-1577-4448-9B73-9EBF0DD271C5}"
EndProject
Project("{FAE04EC0-301F-11D3-BF4B-00C04F79EFBC}") = "DPM225404_DO QUOC BAO_pattern01_Prototype", "DPM225404_DO QUOC BAO_pattern01_Prototype\DPM225404_DO QUOC BAO_pattern01_Prototype.csproj", "{87A8EA02-256B-4F52-B7F7-E9E5CA8BCE0C}"
EndProject
Project("{FAE04EC0-301F-11D3-BF4B-00C04F79EFBC}") = "DPM225404_DO QUOC BAO_REAL01_Prototype", "DPM225404_DO QUOC BAO_REAL01_Prototype\DPM225404_DO QUOC BAO_REAL01_Prototype.csproj", "{BCD68ED4-245C-467C-908A-FD3CEFF6E703}"
EndProject
Project("{FAE04EC0-301F-11D3-BF4B-00C04F79EFBC}") = "DPM225404_DO QUOC BAO_MYREAL01_Prototype", "DPM225404_DO QUOC BAO_MYREAL01_Prototype\DPM225404_DO QUOC BAO_MYREAL01_Prototype.csproj", "{90C75D7A-4445-4B59-B521-59D97C5140C7}"
EndProject
Project("{FAE04EC0-301F-11D3-BF4B-00C04F79EFBC}") = "DPM225404_DO QUOC BAO_pattren01_singleton", "DPM225404_DO QUOC BAO_pattren01_Singleton\DPM225404_DO QUOC BAO_pattren01_singleton.csproj", "{67BD9375-6BB0-4211-9417-B4E6CB485C9F}"
EndProject
Project("{FAE04EC0-301F-11D3-BF4B-00C04F79EFBC}") = "DPM225404_DO QUOC BAO_REAL01_Singleton", "DPM225404_DO QUOC BAO_REAL01_Singleton\DPM225404_DO QUOC BAO_REAL01_Singleton.csproj", "{A9988172-BC54-43F3-9C72-C0F070BF5721}"
EndProject
Project("{FAE04EC0-301F-11D3-BF4B-00C04F79EFBC}") = "DPM225404_DO QUOC BAO_MYREAL01_Singleton", "DPM225404_DO QUOC BAO_MYREAL01_Singleton\DPM225404_DO QUOC BAO_MYREAL01_Singleton.csproj", "{BE1214E3-3CEB-4D71-9B66-367A1EF0F868}"
EndProject
Project("{FAE04EC0-301F-11D3-BF4B-00C04F79EFBC}") = "DPM225404_DO QUOC BAO_pattern01_Adapter", "DPM225404_DO QUOC BAO_pattern01_Adapter\DPM225404_DO QUOC BAO_pattern01_Adapter.csproj", "{63D4A3C0-D3BD-469E-808E-CC05384B6BD9}"
EndProject
Project("{FAE04EC0-301F-11D3-BF4B-00C04F79EFBC}") = "DPM225404_DO QUOC BAO_REAL01_Adapter", "DPM225404_DO QUOC BAO_REAL01_Adapter\DPM225404_DO QUOC BAO_REAL01_Adapter.csproj", "{36A0FBB4-268C-4D29-B2BC-881125FD7130}"
EndProject
Project("{FAE04EC0-301F-11D3-BF4B-00C04F79EFBC}") = "DPM225404_DO QUOC BAO_MyREAL01_Adapter", "DPM225404_DO QUOC BAO_MyREAL01_Adapter\DPM225404_DO QUOC BAO_MyREAL01_Adapter.csproj", "{6DE5DE2A-3ED8-4474-BF10-A74FAFB95427}"
EndProject
Project("{FAE04EC0-301F-11D3-BF4B-00C04F79EFBC}") = "DPM225404_DO QUOC BAO_pattern01_Bridge", "DPM225404_DO QUOC BAO_pattern01_Bridge\DPM225404_DO QUOC BAO_pattern01_Bridge.csproj", "{211B9C80-AFCA-4C48-BAAE-5BD1A2FA11AB}"
EndProject
Project("{FAE04EC0-301F-11D3-BF4B-00C04F79EFBC}") = "DPM225404_DO QUOC BAO_REAL01_Bridge", "DPM225404_DO QUOC BAO_REAL01_Bridge\DPM225404_DO QUOC BAO_REAL01_Bridge.csproj", "{3C11BC08-1E33-4003-830A-C5D2CA488455}"
EndProject
Project("{FAE04EC0-301F-11D3-BF4B-00C04F79EFBC}") = "DPM225404_DO QUOC BAO_MYREAL01_Bridge", "DPM225404_DO QUOC BAO_MYREAL01_Bridge\DPM225404_DO QUOC BAO_MYREAL01_Bridge.csproj", "{425E3504-E0C8-4FA3-AD8D-24516C3B6796}"
EndProject
Project("{FAE04EC0-301F-11D3-BF4B-00C04F79EFBC}") = "DPM225404_DO QUOC BAO_pattern01_Composite", "DPM225404_DO QUOC BAO_pattern01_Composite\DPM225404_DO QUOC BAO_pattern01_Composite.csproj", "{9DF96F5D-FF50-4094-AD81-D2462825C7B9}"
EndProject
Project("{FAE04EC0-301F-11D3-BF4B-00C04F79EFBC}") = "DPM225404_DO QUOC BAO_Real01_Composite", "DPM225404_DO QUOC BAO_Real01_Composite\DPM225404_DO QUOC BAO_Real01_Composite.csproj", "{D534A1BF-B8A2-4ECB-B793-5675A9F145FD}"
EndProject
Project("{FAE04EC0-301F-11D3-BF4B-00C04F79EFBC}") = "DPM225404_DO QUOC BAO_MyReal01_Composite", "DPM225404_DO QUOC BAO_MyReal01_Composite\DPM225404_DO QUOC BAO_MyReal01_Composite.csproj", "{0F1426E3-CB00-469D-B99C-9C9CEAA9D404}"
EndProject
Project("{FAE04EC0-301F-11D3-BF4B-00C04F79EFBC}") = "DPM225404_DO QUOC BAO_pattern_Decorator", "DPM225404_DO QUOC BAO_pattern_Decorator\DPM225404_DO QUOC BAO_pattern_Decorator.csproj", "{309B7789-C936-4664-BF12-1855E94C28C7}"
EndProject
Project("{FAE04EC0-301F-11D3-BF4B-00C04F79EFBC}") = "DPM225404_DO QUOC BAO_Real01_Decorator", "DPM225404_DO QUOC BAO_Real01_Decorator\DPM225404_DO QUOC BAO_Real01_Decorator.csproj", "{8E955986-4C1F-4F7F-9F00-136605F45328}"
EndProject
Project("{FAE04EC0-301F-11D3-BF4B-00C04F79EFBC}") = "DPM225404_DO QUOC BAO_MyReal01_Decorator", "DPM225404_DO QUOC BAO_MyReal01_Decorator\DPM225404_DO QUOC BAO_MyReal01_Decorator.csproj", "{3AFE58F1-3354-4C9A-87E2-86C9A9F957E8}"
EndProject
Project("{FAE04EC0-301F-11D3-BF4B-00C04F79EFBC}") = "DPM225404_DO QUOC BAO_pattern01_Facade", "DPM225404_DO QUOC BAO_pattern01_Facade\DPM225404_DO QUOC BAO_pattern01_Facade.csproj", "{1784A8DA-769B-44B6-B4BD-4F0AD0BCDC40}"
EndProject
Project("{FAE04EC0-301F-11D3-BF4B-00C04F79EFBC}") = "DPM225404_DO QUOC BAO_Real01_Facade", "DPM225404_DO QUOC BAO_Real01_Facade\DPM225404_DO QUOC BAO_Real01_Facade.csproj", "{CAA52F3B-894D-4FAA-8C77-6FEA31C73A01}"
EndProject
Project("{FAE04EC0-301F-11D3-BF4B-00C04F79EFBC}") = "DPM225404_DO QUOC BAO_MyReal01_Facade", "DPM225404_DO QUOC BAO_MyReal01_Facade\DPM225404_DO QUOC BAO_MyReal01_Facade.csproj", "{5568A8F1-4766-4F12-94D1-BF0F7DD69514}"
EndProject
Global
	GlobalSection(SolutionConfigurationPlatforms) = preSolution
		Debug|Any CPU = Debug|Any CPU
		Release|Any CPU = Release|Any CPU
	EndGlobalSection
	GlobalSection(ProjectConfigurationPlatforms) = postSolution
		{0F512A0A-F71B-4CAD-823D-3543FC61FA85}.Debug|Any CPU.ActiveCfg = Debug|Any CPU
		{0F512A0A-F71B-4CAD-823D-3543FC61FA85}.Debug|Any CPU.Build.0 = Debug|Any CPU
		{0F512A0A-F71B-4CAD-823D-3543FC61FA85}.Release|Any CPU.ActiveCfg = Release|Any CPU
		{0F512A0A-F71B-4CAD-823D-3543FC61FA85}.Release|Any CPU.Build.0 = Release|Any CPU
		{461D0EA0-BDA2-4DA7-8996-90FADE0F4719}.Debug|Any CPU.ActiveCfg = Debug|Any CPU
		{461D0EA0-BDA2-4DA7-8996-90FADE0F4719}.Debug|Any CPU.Build.0 = Debug|Any CPU
		{461D0EA0-BDA2-4DA7-8996-90FADE0F4719}.Release|Any CPU.ActiveCfg = Release|Any CPU
		{461D0EA0-BDA2-4DA7-8996-90FADE0F4719}.Release|Any CPU.Build.0 = Release|Any CPU
		{4B9E0CC6-6829-41A5-8D68-16C5F65BDAD2}.Debug|Any CPU.ActiveCfg = Debug|Any CPU
		{4B9E0CC6-6829-41A5-8D68-16C5F65BDAD2}.Debug|Any CPU.Build.0 = Debug|Any CPU
		{4B9E0CC6-6829-41A5-8D68-16C5F65BDAD2}.Release|Any CPU.ActiveCfg = Release|Any CPU
		{4B9E0CC6-6829-41A5-8D68-16C5F65BDAD2}.Release|Any CPU.Build.0 = Release|Any CPU
		{515406DD-1330-470A-8652-FB8B6D2542D6}.Debug|Any CPU.ActiveCfg = Debug|Any CPU
		{515406DD-1330-470A-8652-FB8B6D2542D6}.Debug|Any CPU.Build.0 = Debug|Any CPU
		{515406DD-1330-470A-8652-FB8B6D2542D6}.Release|Any CPU.ActiveCfg = Release|Any CPU
		{515406DD-1330-470A-8652-FB8B6D2542D6}.Release|Any CPU.Build.0 = Release|Any CPU
		{E76F9393-4D00-45F0-8BC3-DCE0E3A7D6AF}.Debug|Any CPU.ActiveCfg = Debug|Any CPU
		{E76F9393-4D00-45F0-8BC3-DCE0E3A7D6AF}.Debug|Any CPU.Build.0 = Debug|Any CPU
		{E76F9393-4D00-45F0-8BC3-DCE0E3A7D6AF}.Release|Any CPU.ActiveCfg = Release|Any CPU
		{E76F9393-4D00-45F0-8BC3-DCE0E3A7D6AF}.Release|Any CPU.Build.0 = Release|Any CPU
		{096F7FA9-13B6-4A43-BE13-2781D1C2A61F}.Debug|Any CPU.ActiveCfg = Debug|Any CPU
		{096F7FA9-13B6-4A43-BE13-2781D1C2A61F}.Debug|Any CPU.Build.0 = Debug|Any CPU
		{096F7FA9-13B6-4A43-BE13-2781D1C2A61F}.Release|Any CPU.ActiveCfg = Release|Any CPU
		{096F7FA9-13B6-4A43-BE13-2781D1C2A61F}.Release|Any CPU.Build.0 = Release|Any CPU
		{DDC9C08D-8D4F-472C-BAF1-816BDCCB7CD9}.Debug|Any CPU.ActiveCfg = Debug|Any CPU
		{DDC9C08D-8D4F-472C-BAF1-816BDCCB7CD9}.Debug|Any CPU.Build.0 = Debug|Any CPU
		{DDC9C08D-8D4F-472C-BAF1-816BDCCB7CD9}.Release|Any CPU.ActiveCfg = Release|Any CPU
		{DDC9C08D-8D4F-472C-BAF1-816BDCCB7CD9}.Release|Any CPU.Build.0 = Release|Any CPU
		{1ED52D29-1577-4448-9B73-9EBF0DD271C5}.Debug|Any CPU.ActiveCfg = Debug|Any CPU
		{1ED52D29-1577-4448-9B73-9EBF0DD271C5}.Debug|Any CPU.Build.0 = Debug|Any CPU
		{1ED52D29-1577-4448-9B73-9EBF0DD271C5}.Release|Any CPU.ActiveCfg = Release|Any CPU
		{1ED52D29-1577-4448-9B73-9EBF0DD271C5}.Release|Any CPU.Build.0 = Release|Any CPU
		{87A8EA02-256B-4F52-B7F7-E9E5CA8BCE0C}.Debug|Any CPU.ActiveCfg = Debug|Any CPU
		{87A8EA02-256B-4F52-B7F7-E9E5CA8BCE0C}.Debug|Any CPU.Build.0 = Debug|Any CPU
		{87A8EA02-256B-4F52-B7F7-E9E5CA8BCE0C}.Release|Any CPU.ActiveCfg = Release|Any CPU
		{87A8EA02-256B-4F52-B7F7-E9E5CA8BCE0C}.Release|Any CPU.Build.0 = Release|Any CPU
		{BCD68ED4-245C-467C-908A-FD3CEFF6E703}.Debug|Any CPU.ActiveCfg = Debug|Any CPU
		{BCD68ED4-245C-467C-908A-FD3CEFF6E703}.Debug|Any CPU.Build.0 = Debug|Any CPU
		{BCD68ED4-245C-467C-908A-FD3CEFF6E703}.Release|Any CPU.ActiveCfg = Release|Any CPU
		{BCD68ED4-245C-467C-908A-FD3CEFF6E703}.Release|Any CPU.Build.0 = Release|Any CPU
		{90C75D7A-4445-4B59-B521-59D97C5140C7}.Debug|Any CPU.ActiveCfg = Debug|Any CPU
		{90C75D7A-4445-4B59-B521-59D97C5140C7}.Debug|Any CPU.Build.0 = Debug|Any CPU
		{90C75D7A-4445-4B59-B521-59D97C5140C7}.Release|Any CPU.ActiveCfg = Release|Any CPU
		{90C75D7A-4445-4B59-B521-59D97C5140C7}.Release|Any CPU.Build.0 = Release|Any CPU
		{67BD9375-6BB0-4211-9417-B4E6CB485C9F}.Debug|Any CPU.ActiveCfg = Debug|Any CPU
		{67BD9375-6BB0-4211-9417-B4E6CB485C9F}.Debug|Any CPU.Build.0 = Debug|Any CPU
		{67BD9375-6BB0-4211-9417-B4E6CB485C9F}.Release|Any CPU.ActiveCfg = Release|Any CPU
		{67BD9375-6BB0-4211-9417-B4E6CB485C9F}.Release|Any CPU.Build.0 = Release|Any CPU
		{A9988172-BC54-43F3-9C72-C0F070BF5721}.Debug|Any CPU.ActiveCfg = Debug|Any CPU
		{A9988172-BC54-43F3-9C72-C0F070BF5721}.Debug|Any CPU.Build.0 = Debug|Any CPU
		{A9988172-BC54-43F3-9C72-C0F070BF5721}.Release|Any CPU.ActiveCfg = Release|Any CPU
		{A9988172-BC54-43F3-9C72-C0F070BF5721}.Release|Any CPU.Build.0 = Release|Any CPU
		{BE1214E3-3CEB-4D71-9B66-367A1EF0F868}.Debug|Any CPU.ActiveCfg = Debug|Any CPU
		{BE1214E3-3CEB-4D71-9B66-367A1EF0F868}.Debug|Any CPU.Build.0 = Debug|Any CPU
		{BE1214E3-3CEB-4D71-9B66-367A1EF0F868}.Release|Any CPU.ActiveCfg = Release|Any CPU
		{BE1214E3-3CEB-4D71-9B66-367A1EF0F868}.Release|Any CPU.Build.0 = Release|Any CPU
		{63D4A3C0-D3BD-469E-808E-CC05384B6BD9}.Debug|Any CPU.ActiveCfg = Debug|Any CPU
		{63D4A3C0-D3BD-469E-808E-CC05384B6BD9}.Debug|Any CPU.Build.0 = Debug|Any CPU
		{63D4A3C0-D3BD-469E-808E-CC05384B6BD9}.Release|Any CPU.ActiveCfg = Release|Any CPU
		{63D4A3C0-D3BD-469E-808E-CC05384B6BD9}.Release|Any CPU.Build.0 = Release|Any CPU
		{36A0FBB4-268C-4D29-B2BC-881125FD7130}.Debug|Any CPU.ActiveCfg = Debug|Any CPU
		{36A0FBB4-268C-4D29-B2BC-881125FD7130}.Debug|Any CPU.Build.0 = Debug|Any CPU
		{36A0FBB4-268C-4D29-B2BC-881125FD7130}.Release|Any CPU.ActiveCfg = Release|Any CPU
		{36A0FBB4-268C-4D29-B2BC-881125FD7130}.Release|Any CPU.Build.0 = Release|Any CPU
		{6DE5DE2A-3ED8-4474-BF10-A74FAFB95427}.Debug|Any CPU.ActiveCfg = Debug|Any CPU
		{6DE5DE2A-3ED8-4474-BF10-A74FAFB95427}.Debug|Any CPU.Build.0 = Debug|Any CPU
		{6DE5DE2A-3ED8-4474-BF10-A74FAFB95427}.Release|Any CPU.ActiveCfg = Release|Any CPU
		{6DE5DE2A-3ED8-4474-BF10-A74FAFB95427}.Release|Any CPU.Build.0 = Release|Any CPU
		{211B9C80-AFCA-4C48-BAAE-5BD1A2FA11AB}.Debug|Any CPU.ActiveCfg = Debug|Any CPU
		{211B9C80-AFCA-4C48-BAAE-5BD1A2FA11AB}.Debug|Any CPU.Build.0 = Debug|Any CPU
		{211B9C80-AFCA-4C48-BAAE-5BD1A2FA11AB}.Release|Any CPU.ActiveCfg = Release|Any CPU
		{211B9C80-AFCA-4C48-BAAE-5BD1A2FA11AB}.Release|Any CPU.Build.0 = Release|Any CPU
		{3C11BC08-1E33-4003-830A-C5D2CA488455}.Debug|Any CPU.ActiveCfg = Debug|Any CPU
		{3C11BC08-1E33-4003-830A-C5D2CA488455}.Debug|Any CPU.Build.0 = Debug|Any CPU
		{3C11BC08-1E33-4003-830A-C5D2CA488455}.Release|Any CPU.ActiveCfg = Release|Any CPU
		{3C11BC08-1E33-4003-830A-C5D2CA488455}.Release|Any CPU.Build.0 = Release|Any CPU
		{425E3504-E0C8-4FA3-AD8D-24516C3B6796}.Debug|Any CPU.ActiveCfg = Debug|Any CPU
		{425E3504-E0C8-4FA3-AD8D-24516C3B6796}.Debug|Any CPU.Build.0 = Debug|Any CPU
		{425E3504-E0C8-4FA3-AD8D-24516C3B6796}.Release|Any CPU.ActiveCfg = Release|Any CPU
		{425E3504-E0C8-4FA3-AD8D-24516C3B6796}.Release|Any CPU.Build.0 = Release|Any CPU
		{9DF96F5D-FF50-4094-AD81-D2462825C7B9}.Debug|Any CPU.ActiveCfg = Debug|Any CPU
		{9DF96F5D-FF50-4094-AD81-D2462825C7B9}.Debug|Any CPU.Build.0 = Debug|Any CPU
		{9DF96F5D-FF50-4094-AD81-D2462825C7B9}.Release|Any CPU.ActiveCfg = Release|Any CPU
		{9DF96F5D-FF50-4094-AD81-D2462825C7B9}.Release|Any CPU.Build.0 = Release|Any CPU
		{D534A1BF-B8A2-4ECB-B793-5675A9F145FD}.Debug|Any CPU.ActiveCfg = Debug|Any CPU
		{D534A1BF-B8A2-4ECB-B793-5675A9F145FD}.Debug|Any CPU.Build.0 = Debug|Any CPU
		{D534A1BF-B8A2-4ECB-B793-5675A9F145FD}.Release|Any CPU.ActiveCfg = Release|Any CPU
		{D534A1BF-B8A2-4ECB-B793-5675A9F145FD}.Release|Any CPU.Build.0 = Release|Any CPU
		{0F1426E3-CB00-469D-B99C-9C9CEAA9D404}.Debug|Any CPU.ActiveCfg = Debug|Any CPU
		{0F1426E3-CB00-469D-B99C-9C9CEAA9D404}.Debug|Any CPU.Build.0 = Debug|Any CPU
		{0F1426E3-CB00-469D-B99C-9C9CEAA9D404}.Release|Any CPU.ActiveCfg = Release|Any CPU
		{0F1426E3-CB00-469D-B99C-9C9CEAA9D404}.Release|Any CPU.Build.0 = Release|Any CPU
		{309B7789-C936-4664-BF12-1855E94C28C7}.Debug|Any CPU.ActiveCfg = Debug|Any CPU
		{309B7789-C936-4664-BF12-1855E94C28C7}.Debug|Any CPU.Build.0 = Debug|Any CPU
		{309B7789-C936-4664-BF12-1855E94C28C7}.Release|Any CPU.ActiveCfg = Release|Any CPU
		{309B7789-C936-4664-BF12-1855E94C28C7}.Release|Any CPU.Build.0 = Release|Any CPU
		{8E955986-4C1F-4F7F-9F00-136605F45328}.Debug|Any CPU.ActiveCfg = Debug|Any CPU
		{8E955986-4C1F-4F7F-9F00-136605F45328}.Debug|Any CPU.Build.0 = Debug|Any CPU
		{8E955986-4C1F-4F7F-9F00-136605F45328}.Release|Any CPU.ActiveCfg = Release|Any CPU
		{8E955986-4C1F-4F7F-9F00-136605F45328}.Release|Any CPU.Build.0 = Release|Any CPU
		{3AFE58F1-3354-4C9A-87E2-86C9A9F957E8}.Debug|Any CPU.ActiveCfg = Debug|Any CPU
		{3AFE58F1-3354-4C9A-87E2-86C9A9F957E8}.Debug|Any CPU.Build.0 = Debug|Any CPU
		{3AFE58F1-3354-4C9A-87E2-86C9A9F957E8}.Release|Any CPU.ActiveCfg = Release|Any CPU
		{3AFE58F1-3354-4C9A-87E2-86C9A9F957E8}.Release|Any CPU.Build.0 = Release|Any CPU
		{1784A8DA-769B-44B6-B4BD-4F0AD0BCDC40}.Debug|Any CPU.ActiveCfg = Debug|Any CPU
		{1784A8DA-769B-44B6-B4BD-4F0AD0BCDC40}.Debug|Any CPU.Build.0 = Debug|Any CPU
		{1784A8DA-769B-44B6-B4BD-4F0AD0BCDC40}.Release|Any CPU.ActiveCfg = Release|Any CPU
		{1784A8DA-769B-44B6-B4BD-4F0AD0BCDC40}.Release|Any CPU.Build.0 = Release|Any CPU
		{CAA52F3B-894D-4FAA-8C77-6FEA31C73A01}.Debug|Any CPU.ActiveCfg = Debug|Any CPU
		{CAA52F3B-894D-4FAA-8C77-6FEA31C73A01}.Debug|Any CPU.Build.0 = Debug|Any CPU
		{CAA52F3B-894D-4FAA-8C77-6FEA31C73A01}.Release|Any CPU.ActiveCfg = Release|Any CPU
		{CAA52F3B-894D-4FAA-8C77-6FEA31C73A01}.Release|Any CPU.Build.0 = Release|Any CPU
		{5568A8F1-4766-4F12-94D1-BF0F7DD69514}.Debug|Any CPU.ActiveCfg = Debug|Any CPU
		{5568A8F1-4766-4F12-94D1-BF0F7DD69514}.Debug|Any CPU.Build.0 = Debug|Any CPU
		{5568A8F1-4766-4F12-94D1-BF0F7DD69514}.Release|Any CPU.ActiveCfg = Release|Any CPU
		{5568A8F1-4766-4F12-94D1-BF0F7DD69514}.Release|Any CPU.Build.0 = Release|Any CPU
	EndGlobalSection
	GlobalSection(SolutionProperties) = preSolution
		HideSolutionNode = FALSE
	EndGlobalSection
	GlobalSection(ExtensibilityGlobals) = postSolution
		SolutionGuid = {D35B9828-253A-4F91-AABB-D8D1EA1D7EEC}
	EndGlobalSection
EndGlobal
