
Microsoft Visual Studio Solution File, Format Version 12.00
# Visual Studio Version 17
VisualStudioVersion = 17.13.35825.156 d17.13
MinimumVisualStudioVersion = 10.0.40219.1
Project("{FAE04EC0-301F-11D3-BF4B-00C04F79EFBC}") = "DPM225404_DOQUOCBAO_patter01_abstractFactory", "DPM225404_DOQUOCBAO_patter01_abstractFactory\DPM225404_DOQUOCBAO_patter01_abstractFactory.csproj", "{DEDCEDA3-9D37-4FA7-A1CB-1ADFDAB625DC}"
EndProject
Project("{FAE04EC0-301F-11D3-BF4B-00C04F79EFBC}") = "DPM225404_DOQUOCBAO_Real01_abstractFactory", "DPM225404_DOQUOCBAO_Real01_abstractFactory\DPM225404_DOQUOCBAO_Real01_abstractFactory.csproj", "{D79C81DF-5E77-457E-8728-6730403F1F3E}"
EndProject
Project("{FAE04EC0-301F-11D3-BF4B-00C04F79EFBC}") = "DPM225404_DOQUOCBAO_MyReal01_abstractFactory", "DPM225404_DOQUOCBAO_MyReal01_abstractFactory\DPM225404_DOQUOCBAO_MyReal01_abstractFactory.csproj", "{C8F6D948-6E7D-4E66-B6A7-4310AB87A441}"
EndProject
Project("{FAE04EC0-301F-11D3-BF4B-00C04F79EFBC}") = "DPM225404_DOQUOCBAO_pattern01_Builder", "DPM225404_DOQUOCBAO_pattern01_Builder\DPM225404_DOQUOCBAO_pattern01_Builder.csproj", "{28A77A69-4560-4F50-84BC-5A419B5B3352}"
EndProject
Project("{FAE04EC0-301F-11D3-BF4B-00C04F79EFBC}") = "DPM225404_DOQUOCBAO_Real01_Builder", "DPM225404_DOQUOCBAO_Real01_Builder\DPM225404_DOQUOCBAO_Real01_Builder.csproj", "{F90EE904-DEF9-4FA0-A6C9-6AB40C4D7738}"
EndProject
Project("{FAE04EC0-301F-11D3-BF4B-00C04F79EFBC}") = "DPM225404_DOQUOCBAO_MyReal01_Builder", "DPM225404_DOQUOCBAO_MyReal01_Builder\DPM225404_DOQUOCBAO_MyReal01_Builder.csproj", "{3677C372-A2A9-426C-9F02-5F948170575D}"
EndProject
Project("{FAE04EC0-301F-11D3-BF4B-00C04F79EFBC}") = "DPM225404_DOQUOCBAO_Pattern01_FactoryMethod", "DPM225404_DOQUOCBAO_Pattern01_FactoryMethod\DPM225404_DOQUOCBAO_Pattern01_FactoryMethod.csproj", "{A5BB8BD6-FDDA-42BA-8432-83FE89393C6A}"
EndProject
Project("{FAE04EC0-301F-11D3-BF4B-00C04F79EFBC}") = "DPM225404_DOQUOCBAO_Real01_FactoryMethod", "DPM225404_DOQUOCBAO_Real01_FactoryMethod\DPM225404_DOQUOCBAO_Real01_FactoryMethod.csproj", "{81FE153A-ECC4-4142-B259-D6B8ACB77423}"
EndProject
Global
	GlobalSection(SolutionConfigurationPlatforms) = preSolution
		Debug|Any CPU = Debug|Any CPU
		Release|Any CPU = Release|Any CPU
	EndGlobalSection
	GlobalSection(ProjectConfigurationPlatforms) = postSolution
		{DEDCEDA3-9D37-4FA7-A1CB-1ADFDAB625DC}.Debug|Any CPU.ActiveCfg = Debug|Any CPU
		{DEDCEDA3-9D37-4FA7-A1CB-1ADFDAB625DC}.Debug|Any CPU.Build.0 = Debug|Any CPU
		{DEDCEDA3-9D37-4FA7-A1CB-1ADFDAB625DC}.Release|Any CPU.ActiveCfg = Release|Any CPU
		{DEDCEDA3-9D37-4FA7-A1CB-1ADFDAB625DC}.Release|Any CPU.Build.0 = Release|Any CPU
		{D79C81DF-5E77-457E-8728-6730403F1F3E}.Debug|Any CPU.ActiveCfg = Debug|Any CPU
		{D79C81DF-5E77-457E-8728-6730403F1F3E}.Debug|Any CPU.Build.0 = Debug|Any CPU
		{D79C81DF-5E77-457E-8728-6730403F1F3E}.Release|Any CPU.ActiveCfg = Release|Any CPU
		{D79C81DF-5E77-457E-8728-6730403F1F3E}.Release|Any CPU.Build.0 = Release|Any CPU
		{C8F6D948-6E7D-4E66-B6A7-4310AB87A441}.Debug|Any CPU.ActiveCfg = Debug|Any CPU
		{C8F6D948-6E7D-4E66-B6A7-4310AB87A441}.Debug|Any CPU.Build.0 = Debug|Any CPU
		{C8F6D948-6E7D-4E66-B6A7-4310AB87A441}.Release|Any CPU.ActiveCfg = Release|Any CPU
		{C8F6D948-6E7D-4E66-B6A7-4310AB87A441}.Release|Any CPU.Build.0 = Release|Any CPU
		{28A77A69-4560-4F50-84BC-5A419B5B3352}.Debug|Any CPU.ActiveCfg = Debug|Any CPU
		{28A77A69-4560-4F50-84BC-5A419B5B3352}.Debug|Any CPU.Build.0 = Debug|Any CPU
		{28A77A69-4560-4F50-84BC-5A419B5B3352}.Release|Any CPU.ActiveCfg = Release|Any CPU
		{28A77A69-4560-4F50-84BC-5A419B5B3352}.Release|Any CPU.Build.0 = Release|Any CPU
		{F90EE904-DEF9-4FA0-A6C9-6AB40C4D7738}.Debug|Any CPU.ActiveCfg = Debug|Any CPU
		{F90EE904-DEF9-4FA0-A6C9-6AB40C4D7738}.Debug|Any CPU.Build.0 = Debug|Any CPU
		{F90EE904-DEF9-4FA0-A6C9-6AB40C4D7738}.Release|Any CPU.ActiveCfg = Release|Any CPU
		{F90EE904-DEF9-4FA0-A6C9-6AB40C4D7738}.Release|Any CPU.Build.0 = Release|Any CPU
		{3677C372-A2A9-426C-9F02-5F948170575D}.Debug|Any CPU.ActiveCfg = Debug|Any CPU
		{3677C372-A2A9-426C-9F02-5F948170575D}.Debug|Any CPU.Build.0 = Debug|Any CPU
		{3677C372-A2A9-426C-9F02-5F948170575D}.Release|Any CPU.ActiveCfg = Release|Any CPU
		{3677C372-A2A9-426C-9F02-5F948170575D}.Release|Any CPU.Build.0 = Release|Any CPU
		{A5BB8BD6-FDDA-42BA-8432-83FE89393C6A}.Debug|Any CPU.ActiveCfg = Debug|Any CPU
		{A5BB8BD6-FDDA-42BA-8432-83FE89393C6A}.Debug|Any CPU.Build.0 = Debug|Any CPU
		{A5BB8BD6-FDDA-42BA-8432-83FE89393C6A}.Release|Any CPU.ActiveCfg = Release|Any CPU
		{A5BB8BD6-FDDA-42BA-8432-83FE89393C6A}.Release|Any CPU.Build.0 = Release|Any CPU
		{81FE153A-ECC4-4142-B259-D6B8ACB77423}.Debug|Any CPU.ActiveCfg = Debug|Any CPU
		{81FE153A-ECC4-4142-B259-D6B8ACB77423}.Debug|Any CPU.Build.0 = Debug|Any CPU
		{81FE153A-ECC4-4142-B259-D6B8ACB77423}.Release|Any CPU.ActiveCfg = Release|Any CPU
		{81FE153A-ECC4-4142-B259-D6B8ACB77423}.Release|Any CPU.Build.0 = Release|Any CPU
	EndGlobalSection
	GlobalSection(SolutionProperties) = preSolution
		HideSolutionNode = FALSE
	EndGlobalSection
	GlobalSection(ExtensibilityGlobals) = postSolution
		SolutionGuid = {96B7C196-F831-45EC-955C-ECBDF24B7B02}
	EndGlobalSection
EndGlobal
